
Microsoft Visual Studio Solution File, Format Version 12.00
# Visual Studio Version 17
VisualStudioVersion = 17.13.35825.156 d17.13
MinimumVisualStudioVersion = 10.0.40219.1
Project("{FAE04EC0-301F-11D3-BF4B-00C04F79EFBC}") = "Test01", "Test01.csproj", "{71004669-3C08-4422-AB97-1FEAC32AC870}"
EndProject
Global
	GlobalSection(SolutionConfigurationPlatforms) = preSolution
		Debug|Any CPU = Debug|Any CPU
		Release|Any CPU = Release|Any CPU
	EndGlobalSection
	GlobalSection(ProjectConfigurationPlatforms) = postSolution
		{71004669-3C08-4422-AB97-1FEAC32AC870}.Debug|Any CPU.ActiveCfg = Debug|Any CPU
		{71004669-3C08-4422-AB97-1FEAC32AC870}.Debug|Any CPU.Build.0 = Debug|Any CPU
		{71004669-3C08-4422-AB97-1FEAC32AC870}.Release|Any CPU.ActiveCfg = Release|Any CPU
		{71004669-3C08-4422-AB97-1FEAC32AC870}.Release|Any CPU.Build.0 = Release|Any CPU
	EndGlobalSection
	GlobalSection(SolutionProperties) = preSolution
		HideSolutionNode = FALSE
	EndGlobalSection
	GlobalSection(ExtensibilityGlobals) = postSolution
		SolutionGuid = {769A18E0-EFAF-4813-817A-82CB8AD58D93}
	EndGlobalSection
EndGlobal
